
Microsoft Visual Studio Solution File, Format Version 12.00
# Visual Studio 15
VisualStudioVersion = 15.0.28307.757
MinimumVisualStudioVersion = 10.0.40219.1
Project("{8BC9CEB8-8B4A-11D0-8D11-00A0C91BC942}") = "0813", "0813\0813.vcxproj", "{F64250C8-AE05-4178-BFC8-C984DDB176A4}"
EndProject
Project("{8BC9CEB8-8B4A-11D0-8D11-00A0C91BC942}") = "연산자오버로딩", "연산자오버로딩\연산자오버로딩.vcxproj", "{2B1CA903-D488-4013-82E0-94E587FCE75F}"
EndProject
Project("{8BC9CEB8-8B4A-11D0-8D11-00A0C91BC942}") = "상속", "상속\상속.vcxproj", "{B9D73814-E823-48A9-9214-40A5F6EE4688}"
EndProject
Project("{8BC9CEB8-8B4A-11D0-8D11-00A0C91BC942}") = "싱글톤", "싱글톤\싱글톤.vcxproj", "{4D1F07EA-6934-4B62-AD34-32880A716C9C}"
EndProject
Global
	GlobalSection(SolutionConfigurationPlatforms) = preSolution
		Debug|x64 = Debug|x64
		Debug|x86 = Debug|x86
		Release|x64 = Release|x64
		Release|x86 = Release|x86
	EndGlobalSection
	GlobalSection(ProjectConfigurationPlatforms) = postSolution
		{F64250C8-AE05-4178-BFC8-C984DDB176A4}.Debug|x64.ActiveCfg = Debug|x64
		{F64250C8-AE05-4178-BFC8-C984DDB176A4}.Debug|x64.Build.0 = Debug|x64
		{F64250C8-AE05-4178-BFC8-C984DDB176A4}.Debug|x86.ActiveCfg = Debug|Win32
		{F64250C8-AE05-4178-BFC8-C984DDB176A4}.Debug|x86.Build.0 = Debug|Win32
		{F64250C8-AE05-4178-BFC8-C984DDB176A4}.Release|x64.ActiveCfg = Release|x64
		{F64250C8-AE05-4178-BFC8-C984DDB176A4}.Release|x64.Build.0 = Release|x64
		{F64250C8-AE05-4178-BFC8-C984DDB176A4}.Release|x86.ActiveCfg = Release|Win32
		{F64250C8-AE05-4178-BFC8-C984DDB176A4}.Release|x86.Build.0 = Release|Win32
		{2B1CA903-D488-4013-82E0-94E587FCE75F}.Debug|x64.ActiveCfg = Debug|x64
		{2B1CA903-D488-4013-82E0-94E587FCE75F}.Debug|x64.Build.0 = Debug|x64
		{2B1CA903-D488-4013-82E0-94E587FCE75F}.Debug|x86.ActiveCfg = Debug|Win32
		{2B1CA903-D488-4013-82E0-94E587FCE75F}.Debug|x86.Build.0 = Debug|Win32
		{2B1CA903-D488-4013-82E0-94E587FCE75F}.Release|x64.ActiveCfg = Release|x64
		{2B1CA903-D488-4013-82E0-94E587FCE75F}.Release|x64.Build.0 = Release|x64
		{2B1CA903-D488-4013-82E0-94E587FCE75F}.Release|x86.ActiveCfg = Release|Win32
		{2B1CA903-D488-4013-82E0-94E587FCE75F}.Release|x86.Build.0 = Release|Win32
		{B9D73814-E823-48A9-9214-40A5F6EE4688}.Debug|x64.ActiveCfg = Debug|x64
		{B9D73814-E823-48A9-9214-40A5F6EE4688}.Debug|x64.Build.0 = Debug|x64
		{B9D73814-E823-48A9-9214-40A5F6EE4688}.Debug|x86.ActiveCfg = Debug|Win32
		{B9D73814-E823-48A9-9214-40A5F6EE4688}.Debug|x86.Build.0 = Debug|Win32
		{B9D73814-E823-48A9-9214-40A5F6EE4688}.Release|x64.ActiveCfg = Release|x64
		{B9D73814-E823-48A9-9214-40A5F6EE4688}.Release|x64.Build.0 = Release|x64
		{B9D73814-E823-48A9-9214-40A5F6EE4688}.Release|x86.ActiveCfg = Release|Win32
		{B9D73814-E823-48A9-9214-40A5F6EE4688}.Release|x86.Build.0 = Release|Win32
		{4D1F07EA-6934-4B62-AD34-32880A716C9C}.Debug|x64.ActiveCfg = Debug|x64
		{4D1F07EA-6934-4B62-AD34-32880A716C9C}.Debug|x64.Build.0 = Debug|x64
		{4D1F07EA-6934-4B62-AD34-32880A716C9C}.Debug|x86.ActiveCfg = Debug|Win32
		{4D1F07EA-6934-4B62-AD34-32880A716C9C}.Debug|x86.Build.0 = Debug|Win32
		{4D1F07EA-6934-4B62-AD34-32880A716C9C}.Release|x64.ActiveCfg = Release|x64
		{4D1F07EA-6934-4B62-AD34-32880A716C9C}.Release|x64.Build.0 = Release|x64
		{4D1F07EA-6934-4B62-AD34-32880A716C9C}.Release|x86.ActiveCfg = Release|Win32
		{4D1F07EA-6934-4B62-AD34-32880A716C9C}.Release|x86.Build.0 = Release|Win32
	EndGlobalSection
	GlobalSection(SolutionProperties) = preSolution
		HideSolutionNode = FALSE
	EndGlobalSection
	GlobalSection(ExtensibilityGlobals) = postSolution
		SolutionGuid = {B4B840EC-B8D8-4C0D-A682-69FB5A116A62}
	EndGlobalSection
EndGlobal
